lockfileVersion: '6.0'

settings:
  autoInstallPeers: true
  excludeLinksFromLockfile: false

dependencies:
  '@radix-ui/react-slot':
    specifier: ^1.0.2
    version: 1.0.2
  class-variance-authority:
    specifier: ^0.7.0
    version: 0.7.0
  clsx:
    specifier: ^2.1.0
    version: 2.1.0
  lucide-react:
    specifier: ^0.331.0
    version: 0.331.0
  next:
    specifier: 14.1.0
    version: 14.1.0
  react:
    specifier: ^18
    version: 18.2.0
  react-dom:
    specifier: ^18
    version: 18.2.0
  tailwind-merge:
    specifier: ^2.2.1
    version: 2.2.1
  tailwindcss-animate:
    specifier: ^1.0.7
    version: 1.0.7

devDependencies:
  '@types/node':
    specifier: ^20
    version: 20.11.24
  '@types/react':
    specifier: ^18
    version: 18.2.61
  '@types/react-dom':
    specifier: ^18
    version: 18.2.19
  autoprefixer:
    specifier: ^10.0.1
    version: 10.4.18
  eslint:
    specifier: ^8
    version: 8.57.0
  eslint-config-next:
    specifier: 14.1.0
    version: 14.1.0
  postcss:
    specifier: ^8
    version: 8.4.35
  tailwindcss:
    specifier: ^3.3.0
    version: 3.4.1
  typescript:
    specifier: ^5
    version: 5.3.3 